<?xml version="1.0" encoding="utf-8"?>
<Project ToolsVersion="4.0" xmlns="http://schemas.microsoft.com/developer/msbuild/2003">
  <ItemGroup>
    <Filter Include="Source Files">
      <UniqueIdentifier>{4FC737F1-C7A5-4376-A066-2A32D752A2FF}</UniqueIdentifier>
      <Extensions>cpp;c;cc;cxx;def;odl;idl;hpj;bat;asm;asmx</Extensions>
    </Filter>
    <Filter Include="Header Files">
      <UniqueIdentifier>{93995380-89BD-4b04-88EB-625FBE52EBFB}</UniqueIdentifier>
      <Extensions>h;hh;hpp;hxx;hm;inl;inc;xsd</Extensions>
    </Filter>
    <Filter Include="Resource Files">
      <UniqueIdentifier>{67DA6AB6-F800-4c08-8B7A-83BB121AAD01}</UniqueIdentifier>
      <Extensions>rc;ico;cur;bmp;dlg;rc2;rct;bin;rgs;gif;jpg;jpeg;jpe;resx;tiff;tif;png;wav;mfcribbon-ms</Extensions>
    </Filter>
    <Filter Include="Common">
      <UniqueIdentifier>{72a10e53-1c53-4cbf-9cbf-54fddfa103dd}</UniqueIdentifier>
    </Filter>
    <Filter Include="bin">
      <UniqueIdentifier>{7a868e74-72da-4569-8978-ea5ff6874dd6}</UniqueIdentifier>
    </Filter>
    <Filter Include="bin\x64">
      <UniqueIdentifier>{6e4c36ae-ef42-4394-9cd4-61fc27c3f8e5}</UniqueIdentifier>
    </Filter>
    <Filter Include="Common\theme">
      <UniqueIdentifier>{b96c2a87-0ee2-41d9-a81b-770da3316885}</UniqueIdentifier>
    </Filter>
    <Filter Include="Common\SCMenuBar">
      <UniqueIdentifier>{1a7b8ece-597f-4e5f-ba20-e6cd7cf4b7f7}</UniqueIdentifier>
    </Filter>
  </ItemGroup>
  <ItemGroup>
    <Text Include="ReadMe.txt" />
    <Text Include="bin\x64\tree_item_saved.txt">
      <Filter>bin\x64</Filter>
    </Text>
    <Text Include="bin\x64\tree_item_unicode.txt">
      <Filter>bin\x64</Filter>
    </Text>
    <Text Include="bin\x64\tree_item_utf8.txt">
      <Filter>bin\x64</Filter>
    </Text>
  </ItemGroup>
  <ItemGroup>
    <ClInclude Include="Test_CTreeCtrlEx.h">
      <Filter>Header Files</Filter>
    </ClInclude>
    <ClInclude Include="Test_CTreeCtrlExDlg.h">
      <Filter>Header Files</Filter>
    </ClInclude>
    <ClInclude Include="stdafx.h">
      <Filter>Header Files</Filter>
    </ClInclude>
    <ClInclude Include="targetver.h">
      <Filter>Header Files</Filter>
    </ClInclude>
    <ClInclude Include="Resource.h">
      <Filter>Header Files</Filter>
    </ClInclude>
    <ClInclude Include="..\..\Common\ResizeCtrl.h">
      <Filter>Common</Filter>
    </ClInclude>
    <ClInclude Include="..\..\Common\AutoFont.h">
      <Filter>Common</Filter>
    </ClInclude>
    <ClInclude Include="..\..\Common\Functions.h">
      <Filter>Common</Filter>
    </ClInclude>
    <ClInclude Include="..\..\Common\MemoryDC.h">
      <Filter>Common</Filter>
    </ClInclude>
    <ClInclude Include="..\..\Common\colors.h">
      <Filter>Common</Filter>
    </ClInclude>
    <ClInclude Include="..\..\Common\CTreeCtrl\SCTreeCtrl\SCTreeCtrl.h">
      <Filter>Common</Filter>
    </ClInclude>
    <ClInclude Include="..\..\Common\system\ShellImageList\ShellImageList.h">
      <Filter>Common</Filter>
    </ClInclude>
    <ClInclude Include="..\..\Common\GdiplusBitmap.h">
      <Filter>Common</Filter>
    </ClInclude>
    <ClInclude Include="..\..\Common\ui\theme\ThemeLib.h">
      <Filter>Common\theme</Filter>
    </ClInclude>
    <ClInclude Include="..\..\Common\ui\theme\theme.h">
      <Filter>Common\theme</Filter>
    </ClInclude>
    <ClInclude Include="..\..\Common\CComboBox\FontPreviewCombo\FontPreviewCombo.h">
      <Filter>Common</Filter>
    </ClInclude>
    <ClInclude Include="..\..\Common\CMenu\SCMenuBar\SCMenuBar.h">
      <Filter>Common\SCMenuBar</Filter>
    </ClInclude>
    <ClInclude Include="..\..\Common\CMenu\SCMenuBar\SCMenuButton.h">
      <Filter>Common\SCMenuBar</Filter>
    </ClInclude>
    <ClInclude Include="..\..\Common\CMenu\SCMenuBar\SCMenu.h">
      <Filter>Common\SCMenuBar</Filter>
    </ClInclude>
    <ClInclude Include="..\..\Common\CButton\GdiButton\GdiButton.h">
      <Filter>Common</Filter>
    </ClInclude>
  </ItemGroup>
  <ItemGroup>
    <ClCompile Include="Test_CTreeCtrlEx.cpp">
      <Filter>Source Files</Filter>
    </ClCompile>
    <ClCompile Include="Test_CTreeCtrlExDlg.cpp">
      <Filter>Source Files</Filter>
    </ClCompile>
    <ClCompile Include="stdafx.cpp">
      <Filter>Source Files</Filter>
    </ClCompile>
    <ClCompile Include="..\..\Common\ResizeCtrl.cpp">
      <Filter>Common</Filter>
    </ClCompile>
    <ClCompile Include="..\..\Common\AutoFont.cpp">
      <Filter>Common</Filter>
    </ClCompile>
    <ClCompile Include="..\..\Common\Functions.cpp">
      <Filter>Common</Filter>
    </ClCompile>
    <ClCompile Include="..\..\Common\colors.cpp">
      <Filter>Common</Filter>
    </ClCompile>
    <ClCompile Include="..\..\Common\CTreeCtrl\SCTreeCtrl\SCTreeCtrl.cpp">
      <Filter>Common</Filter>
    </ClCompile>
    <ClCompile Include="..\..\Common\system\ShellImageList\ShellImageList.cpp">
      <Filter>Common</Filter>
    </ClCompile>
    <ClCompile Include="..\..\Common\GdiplusBitmap.cpp">
      <Filter>Common</Filter>
    </ClCompile>
    <ClCompile Include="..\..\Common\ui\theme\theme.cpp">
      <Filter>Common\theme</Filter>
    </ClCompile>
    <ClCompile Include="..\..\Common\CComboBox\FontPreviewCombo\FontPreviewCombo.cpp">
      <Filter>Common</Filter>
    </ClCompile>
    <ClCompile Include="..\..\Common\CMenu\SCMenuBar\SCMenuButton.cpp">
      <Filter>Common\SCMenuBar</Filter>
    </ClCompile>
    <ClCompile Include="..\..\Common\CMenu\SCMenuBar\SCMenu.cpp">
      <Filter>Common\SCMenuBar</Filter>
    </ClCompile>
    <ClCompile Include="..\..\Common\CMenu\SCMenuBar\SCMenuBar.cpp">
      <Filter>Common\SCMenuBar</Filter>
    </ClCompile>
    <ClCompile Include="..\..\Common\CButton\GdiButton\GdiButton.cpp">
      <Filter>Common</Filter>
    </ClCompile>
  </ItemGroup>
  <ItemGroup>
    <ResourceCompile Include="Test_CTreeCtrlEx.rc">
      <Filter>Resource Files</Filter>
    </ResourceCompile>
  </ItemGroup>
  <ItemGroup>
    <None Include="res\Test_CTreeCtrlEx.rc2">
      <Filter>Resource Files</Filter>
    </None>
    <None Include="bin\x64\Test_CTreeCtrlEx.exe">
      <Filter>bin\x64</Filter>
    </None>
  </ItemGroup>
  <ItemGroup>
    <Image Include="res\Test_CTreeCtrlEx.ico">
      <Filter>Resource Files</Filter>
    </Image>
    <Image Include="res\CDROM Drive.ico">
      <Filter>Resource Files</Filter>
    </Image>
    <Image Include="res\FixedDisk.ico">
      <Filter>Resource Files</Filter>
    </Image>
    <Image Include="res\Floppy Disk.ico">
      <Filter>Resource Files</Filter>
    </Image>
    <Image Include="res\Hard drive.ico">
      <Filter>Resource Files</Filter>
    </Image>
    <Image Include="res\MyComputer.ico">
      <Filter>Resource Files</Filter>
    </Image>
    <Image Include="res\NetworkPlace.ico">
      <Filter>Resource Files</Filter>
    </Image>
    <Image Include="res\Overlay1.ico">
      <Filter>Resource Files</Filter>
    </Image>
  </ItemGroup>
</Project>